packages:
  - name: codegen
    package: dbt-labs/codegen
    version: 0.13.1
  - name: dbt_constraints
    package: Snowflake-Labs/dbt_constraints
    version: 1.0.6
  - name: dbt_date
    package: calogica/dbt_date
    version: 0.9.0
  - name: dbt_utils
    package: dbt-labs/dbt_utils
    version: 1.1.1
sha1_hash: 61c40ac359b476f7b1376bcccebbcc9612fcd800
